{
  "lib/forge-std": {
    "tag": {
      "name": "v1.16.0",
      "rev": "8987040ede9553cea20c95ad40d0455930f9c8e0"
    }
  },
  "lib/openzeppelin-contracts": {
    "tag": {
      "name": "v5.0.2",
      "rev": "976783905db8fa58ed85f66e67dd8cd5a989743a"
    }
  },
  "lib/solmate": {
    "tag": {
      "name": "v6",
      "rev": "89365b880c4f3c786bdd453d4b8e8fe410344a69"
    }
  },
  "lib/v4-core": {
    "tag": {
      "name": "v4.0.0",
      "rev": "46c6834698c48bc4a463a86d8420f4eb1d7f3b75"
    }
  }
}
